// !$*UTF8*$!
{
	archiveVersion = 1;
	classes = {
	};
	objectVersion = 56;
	objects = {

/* Begin PBXBuildFile section */
		29272219784C795D0E28A77F /* Pods_iText.framework in Frameworks */ = {isa = PBXBuildFile; fileRef = B804750FE0D9E0C714257DAD /* Pods_iText.framework */; };
		DA5EEACB2C3FF02900FB058B /* AppDelegate.swift in Sources */ = {isa = PBXBuildFile; fileRef = DA5EEACA2C3FF02900FB058B /* AppDelegate.swift */; };
		DA5EEACD2C3FF02900FB058B /* SceneDelegate.swift in Sources */ = {isa = PBXBuildFile; fileRef = DA5EEACC2C3FF02900FB058B /* SceneDelegate.swift */; };
		DA5EEACF2C3FF02900FB058B /* ChatViewController.swift in Sources */ = {isa = PBXBuildFile; fileRef = DA5EEACE2C3FF02900FB058B /* ChatViewController.swift */; };
		DA5EEAD22C3FF02900FB058B /* Base in Resources */ = {isa = PBXBuildFile; fileRef = DA5EEAD12C3FF02900FB058B /* Base */; };
		DA5EEAD42C3FF02A00FB058B /* Assets.xcassets in Resources */ = {isa = PBXBuildFile; fileRef = DA5EEAD32C3FF02A00FB058B /* Assets.xcassets */; };
		DA5EEAD72C3FF02A00FB058B /* Base in Resources */ = {isa = PBXBuildFile; fileRef = DA5EEAD62C3FF02A00FB058B /* Base */; };
		DA5EEAE52C3FF44E00FB058B /* LoginViewController.swift in Sources */ = {isa = PBXBuildFile; fileRef = DA5EEAE42C3FF44E00FB058B /* LoginViewController.swift */; };
		DA5EEAE72C3FF49300FB058B /* RegisterViewController.swift in Sources */ = {isa = PBXBuildFile; fileRef = DA5EEAE62C3FF49300FB058B /* RegisterViewController.swift */; };
		DA5EEAE92C3FFE9C00FB058B /* Extentions.swift in Sources */ = {isa = PBXBuildFile; fileRef = DA5EEAE82C3FFE9C00FB058B /* Extentions.swift */; };
		DA7446F02C4016B900EE9102 /* GoogleService-Info.plist in Resources */ = {isa = PBXBuildFile; fileRef = DA7446EF2C4016B900EE9102 /* GoogleService-Info.plist */; };
/* End PBXBuildFile section */

/* Begin PBXFileReference section */
		7DE8C60D02D4BB32E8B1DE15 /* Pods-iText.debug.xcconfig */ = {isa = PBXFileReference; includeInIndex = 1; lastKnownFileType = text.xcconfig; name = "Pods-iText.debug.xcconfig"; path = "Target Support Files/Pods-iText/Pods-iText.debug.xcconfig"; sourceTree = "<group>"; };
		9884322E1E8E28F0A47B6E8D /* Pods-iText.release.xcconfig */ = {isa = PBXFileReference; includeInIndex = 1; lastKnownFileType = text.xcconfig; name = "Pods-iText.release.xcconfig"; path = "Target Support Files/Pods-iText/Pods-iText.release.xcconfig"; sourceTree = "<group>"; };
		B804750FE0D9E0C714257DAD /* Pods_iText.framework */ = {isa = PBXFileReference; explicitFileType = wrapper.framework; includeInIndex = 0; path = Pods_iText.framework; sourceTree = BUILT_PRODUCTS_DIR; };
		DA5EEAC72C3FF02900FB058B /* iText.app */ = {isa = PBXFileReference; explicitFileType = wrapper.application; includeInIndex = 0; path = iText.app; sourceTree = BUILT_PRODUCTS_DIR; };
		DA5EEACA2C3FF02900FB058B /* AppDelegate.swift */ = {isa = PBXFileReference; lastKnownFileType = sourcecode.swift; path = AppDelegate.swift; sourceTree = "<group>"; };
		DA5EEACC2C3FF02900FB058B /* SceneDelegate.swift */ = {isa = PBXFileReference; lastKnownFileType = sourcecode.swift; path = SceneDelegate.swift; sourceTree = "<group>"; };
		DA5EEACE2C3FF02900FB058B /* ChatViewController.swift */ = {isa = PBXFileReference; lastKnownFileType = sourcecode.swift; path = ChatViewController.swift; sourceTree = "<group>"; };
		DA5EEAD12C3FF02900FB058B /* Base */ = {isa = PBXFileReference; lastKnownFileType = file.storyboard; name = Base; path = Base.lproj/Main.storyboard; sourceTree = "<group>"; };
		DA5EEAD32C3FF02A00FB058B /* Assets.xcassets */ = {isa = PBXFileReference; lastKnownFileType = folder.assetcatalog; path = Assets.xcassets; sourceTree = "<group>"; };
		DA5EEAD62C3FF02A00FB058B /* Base */ = {isa = PBXFileReference; lastKnownFileType = file.storyboard; name = Base; path = Base.lproj/LaunchScreen.storyboard; sourceTree = "<group>"; };
		DA5EEAD82C3FF02A00FB058B /* Info.plist */ = {isa = PBXFileReference; lastKnownFileType = text.plist.xml; path = Info.plist; sourceTree = "<group>"; };
		DA5EEAE42C3FF44E00FB058B /* LoginViewController.swift */ = {isa = PBXFileReference; lastKnownFileType = sourcecode.swift; path = LoginViewController.swift; sourceTree = "<group>"; };
		DA5EEAE62C3FF49300FB058B /* RegisterViewController.swift */ = {isa = PBXFileReference; lastKnownFileType = sourcecode.swift; path = RegisterViewController.swift; sourceTree = "<group>"; };
		DA5EEAE82C3FFE9C00FB058B /* Extentions.swift */ = {isa = PBXFileReference; lastKnownFileType = sourcecode.swift; path = Extentions.swift; sourceTree = "<group>"; };
		DA7446EF2C4016B900EE9102 /* GoogleService-Info.plist */ = {isa = PBXFileReference; fileEncoding = 4; lastKnownFileType = text.plist.xml; name = "GoogleService-Info.plist"; path = "../../../../../Downloads/GoogleService-Info.plist"; sourceTree = "<group>"; };
/* End PBXFileReference section */

/* Begin PBXFrameworksBuildPhase section */
		DA5EEAC42C3FF02900FB058B /* Frameworks */ = {
			isa = PBXFrameworksBuildPhase;
			buildActionMask = 2147483647;
			files = (
				29272219784C795D0E28A77F /* Pods_iText.framework in Frameworks */,
			);
			runOnlyForDeploymentPostprocessing = 0;
		};
/* End PBXFrameworksBuildPhase section */

/* Begin PBXGroup section */
		53DFD8155D049395469D31B0 /* Frameworks */ = {
			isa = PBXGroup;
			children = (
				B804750FE0D9E0C714257DAD /* Pods_iText.framework */,
			);
			name = Frameworks;
			sourceTree = "<group>";
		};
		59EB2EDC942F6ADBD2320487 /* Pods */ = {
			isa = PBXGroup;
			children = (
				7DE8C60D02D4BB32E8B1DE15 /* Pods-iText.debug.xcconfig */,
				9884322E1E8E28F0A47B6E8D /* Pods-iText.release.xcconfig */,
			);
			path = Pods;
			sourceTree = "<group>";
		};
		DA5EEABE2C3FF02900FB058B = {
			isa = PBXGroup;
			children = (
				DA5EEAC92C3FF02900FB058B /* iText */,
				DA5EEAC82C3FF02900FB058B /* Products */,
				59EB2EDC942F6ADBD2320487 /* Pods */,
				53DFD8155D049395469D31B0 /* Frameworks */,
			);
			sourceTree = "<group>";
		};
		DA5EEAC82C3FF02900FB058B /* Products */ = {
			isa = PBXGroup;
			children = (
				DA5EEAC72C3FF02900FB058B /* iText.app */,
			);
			name = Products;
			sourceTree = "<group>";
		};
		DA5EEAC92C3FF02900FB058B /* iText */ = {
			isa = PBXGroup;
			children = (
				DA7446EF2C4016B900EE9102 /* GoogleService-Info.plist */,
				DA5EEAE12C3FF08100FB058B /* Resources */,
				DA5EEAE02C3FF07B00FB058B /* ViewModels */,
				DA5EEADF2C3FF07600FB058B /* Views */,
				DA5EEADE2C3FF07000FB058B /* Controllers */,
				DA5EEAD82C3FF02A00FB058B /* Info.plist */,
			);
			path = iText;
			sourceTree = "<group>";
		};
		DA5EEADE2C3FF07000FB058B /* Controllers */ = {
			isa = PBXGroup;
			children = (
				DA5EEACE2C3FF02900FB058B /* ChatViewController.swift */,
				DA5EEAE32C3FF40900FB058B /* Auth */,
			);
			path = Controllers;
			sourceTree = "<group>";
		};
		DA5EEADF2C3FF07600FB058B /* Views */ = {
			isa = PBXGroup;
			children = (
				DA5EEAD32C3FF02A00FB058B /* Assets.xcassets */,
				DA5EEAE22C3FF0AD00FB058B /* Storyboards */,
			);
			path = Views;
			sourceTree = "<group>";
		};
		DA5EEAE02C3FF07B00FB058B /* ViewModels */ = {
			isa = PBXGroup;
			children = (
			);
			path = ViewModels;
			sourceTree = "<group>";
		};
		DA5EEAE12C3FF08100FB058B /* Resources */ = {
			isa = PBXGroup;
			children = (
				DA5EEACA2C3FF02900FB058B /* AppDelegate.swift */,
				DA5EEACC2C3FF02900FB058B /* SceneDelegate.swift */,
				DA5EEAE82C3FFE9C00FB058B /* Extentions.swift */,
			);
			path = Resources;
			sourceTree = "<group>";
		};
		DA5EEAE22C3FF0AD00FB058B /* Storyboards */ = {
			isa = PBXGroup;
			children = (
				DA5EEAD02C3FF02900FB058B /* Main.storyboard */,
				DA5EEAD52C3FF02A00FB058B /* LaunchScreen.storyboard */,
			);
			path = Storyboards;
			sourceTree = "<group>";
		};
		DA5EEAE32C3FF40900FB058B /* Auth */ = {
			isa = PBXGroup;
			children = (
				DA5EEAE42C3FF44E00FB058B /* LoginViewController.swift */,
				DA5EEAE62C3FF49300FB058B /* RegisterViewController.swift */,
			);
			path = Auth;
			sourceTree = "<group>";
		};
/* End PBXGroup section */

/* Begin PBXNativeTarget section */
		DA5EEAC62C3FF02900FB058B /* iText */ = {
			isa = PBXNativeTarget;
			buildConfigurationList = DA5EEADB2C3FF02A00FB058B /* Build configuration list for PBXNativeTarget "iText" */;
			buildPhases = (
				117A74C6ABF0EF17A6AD1FF9 /* [CP] Check Pods Manifest.lock */,
				DA5EEAC32C3FF02900FB058B /* Sources */,
				DA5EEAC42C3FF02900FB058B /* Frameworks */,
				DA5EEAC52C3FF02900FB058B /* Resources */,
				39328CF8B655B2BC8DCFCDBF /* [CP] Embed Pods Frameworks */,
			);
			buildRules = (
			);
			dependencies = (
			);
			name = iText;
			productName = iText;
			productReference = DA5EEAC72C3FF02900FB058B /* iText.app */;
			productType = "com.apple.product-type.application";
		};
/* End PBXNativeTarget section */

/* Begin PBXProject section */
		DA5EEABF2C3FF02900FB058B /* Project object */ = {
			isa = PBXProject;
			attributes = {
				BuildIndependentTargetsInParallel = 1;
				LastSwiftUpdateCheck = 1540;
				LastUpgradeCheck = 1540;
				TargetAttributes = {
					DA5EEAC62C3FF02900FB058B = {
						CreatedOnToolsVersion = 15.4;
					};
				};
			};
			buildConfigurationList = DA5EEAC22C3FF02900FB058B /* Build configuration list for PBXProject "iText" */;
			compatibilityVersion = "Xcode 14.0";
			developmentRegion = en;
			hasScannedForEncodings = 0;
			knownRegions = (
				en,
				Base,
			);
			mainGroup = DA5EEABE2C3FF02900FB058B;
			productRefGroup = DA5EEAC82C3FF02900FB058B /* Products */;
			projectDirPath = "";
			projectRoot = "";
			targets = (
				DA5EEAC62C3FF02900FB058B /* iText */,
			);
		};
/* End PBXProject section */

/* Begin PBXResourcesBuildPhase section */
		DA5EEAC52C3FF02900FB058B /* Resources */ = {
			isa = PBXResourcesBuildPhase;
			buildActionMask = 2147483647;
			files = (
				DA5EEAD42C3FF02A00FB058B /* Assets.xcassets in Resources */,
				DA7446F02C4016B900EE9102 /* GoogleService-Info.plist in Resources */,
				DA5EEAD72C3FF02A00FB058B /* Base in Resources */,
				DA5EEAD22C3FF02900FB058B /* Base in Resources */,
			);
			runOnlyForDeploymentPostprocessing = 0;
		};
/* End PBXResourcesBuildPhase section */

/* Begin PBXShellScriptBuildPhase section */
		117A74C6ABF0EF17A6AD1FF9 /* [CP] Check Pods Manifest.lock */ = {
			isa = PBXShellScriptBuildPhase;
			buildActionMask = 2147483647;
			files = (
			);
			inputFileListPaths = (
			);
			inputPaths = (
				"${PODS_PODFILE_DIR_PATH}/Podfile.lock",
				"${PODS_ROOT}/Manifest.lock",
			);
			name = "[CP] Check Pods Manifest.lock";
			outputFileListPaths = (
			);
			outputPaths = (
				"$(DERIVED_FILE_DIR)/Pods-iText-checkManifestLockResult.txt",
			);
			runOnlyForDeploymentPostprocessing = 0;
			shellPath = /bin/sh;
			shellScript = "diff \"${PODS_PODFILE_DIR_PATH}/Podfile.lock\" \"${PODS_ROOT}/Manifest.lock\" > /dev/null\nif [ $? != 0 ] ; then\n    # print error to STDERR\n    echo \"error: The sandbox is not in sync with the Podfile.lock. Run 'pod install' or update your CocoaPods installation.\" >&2\n    exit 1\nfi\n# This output is used by Xcode 'outputs' to avoid re-running this script phase.\necho \"SUCCESS\" > \"${SCRIPT_OUTPUT_FILE_0}\"\n";
			showEnvVarsInLog = 0;
		};
		39328CF8B655B2BC8DCFCDBF /* [CP] Embed Pods Frameworks */ = {
			isa = PBXShellScriptBuildPhase;
			buildActionMask = 2147483647;
			files = (
			);
			inputFileListPaths = (
				"${PODS_ROOT}/Target Support Files/Pods-iText/Pods-iText-frameworks-${CONFIGURATION}-input-files.xcfilelist",
			);
			name = "[CP] Embed Pods Frameworks";
			outputFileListPaths = (
				"${PODS_ROOT}/Target Support Files/Pods-iText/Pods-iText-frameworks-${CONFIGURATION}-output-files.xcfilelist",
			);
			runOnlyForDeploymentPostprocessing = 0;
			shellPath = /bin/sh;
			shellScript = "\"${PODS_ROOT}/Target Support Files/Pods-iText/Pods-iText-frameworks.sh\"\n";
			showEnvVarsInLog = 0;
		};
/* End PBXShellScriptBuildPhase section */

/* Begin PBXSourcesBuildPhase section */
		DA5EEAC32C3FF02900FB058B /* Sources */ = {
			isa = PBXSourcesBuildPhase;
			buildActionMask = 2147483647;
			files = (
				DA5EEAE52C3FF44E00FB058B /* LoginViewController.swift in Sources */,
				DA5EEAE72C3FF49300FB058B /* RegisterViewController.swift in Sources */,
				DA5EEAE92C3FFE9C00FB058B /* Extentions.swift in Sources */,
				DA5EEACF2C3FF02900FB058B /* ChatViewController.swift in Sources */,
				DA5EEACB2C3FF02900FB058B /* AppDelegate.swift in Sources */,
				DA5EEACD2C3FF02900FB058B /* SceneDelegate.swift in Sources */,
			);
			runOnlyForDeploymentPostprocessing = 0;
		};
/* End PBXSourcesBuildPhase section */

/* Begin PBXVariantGroup section */
		DA5EEAD02C3FF02900FB058B /* Main.storyboard */ = {
			isa = PBXVariantGroup;
			children = (
				DA5EEAD12C3FF02900FB058B /* Base */,
			);
			name = Main.storyboard;
			sourceTree = "<group>";
		};
		DA5EEAD52C3FF02A00FB058B /* LaunchScreen.storyboard */ = {
			isa = PBXVariantGroup;
			children = (
				DA5EEAD62C3FF02A00FB058B /* Base */,
			);
			name = LaunchScreen.storyboard;
			sourceTree = "<group>";
		};
/* End PBXVariantGroup section */

/* Begin XCBuildConfiguration section */
		DA5EEAD92C3FF02A00FB058B /* Debug */ = {
			isa = XCBuildConfiguration;
			buildSettings = {
				ALWAYS_SEARCH_USER_PATHS = NO;
				ASSETCATALOG_COMPILER_GENERATE_SWIFT_ASSET_SYMBOL_EXTENSIONS = YES;
				CLANG_ANALYZER_NONNULL = YES;
				CLANG_ANALYZER_NUMBER_OBJECT_CONVERSION = YES_AGGRESSIVE;
				CLANG_CXX_LANGUAGE_STANDARD = "gnu++20";
				CLANG_ENABLE_MODULES = YES;
				CLANG_ENABLE_OBJC_ARC = YES;
				CLANG_ENABLE_OBJC_WEAK = YES;
				CLANG_WARN_BLOCK_CAPTURE_AUTORELEASING = YES;
				CLANG_WARN_BOOL_CONVERSION = YES;
				CLANG_WARN_COMMA = YES;
				CLANG_WARN_CONSTANT_CONVERSION = YES;
				CLANG_WARN_DEPRECATED_OBJC_IMPLEMENTATIONS = YES;
				CLANG_WARN_DIRECT_OBJC_ISA_USAGE = YES_ERROR;
				CLANG_WARN_DOCUMENTATION_COMMENTS = YES;
				CLANG_WARN_EMPTY_BODY = YES;
				CLANG_WARN_ENUM_CONVERSION = YES;
				CLANG_WARN_INFINITE_RECURSION = YES;
				CLANG_WARN_INT_CONVERSION = YES;
				CLANG_WARN_NON_LITERAL_NULL_CONVERSION = YES;
				CLANG_WARN_OBJC_IMPLICIT_RETAIN_SELF = YES;
				CLANG_WARN_OBJC_LITERAL_CONVERSION = YES;
				CLANG_WARN_OBJC_ROOT_CLASS = YES_ERROR;
				CLANG_WARN_QUOTED_INCLUDE_IN_FRAMEWORK_HEADER = YES;
				CLANG_WARN_RANGE_LOOP_ANALYSIS = YES;
				CLANG_WARN_STRICT_PROTOTYPES = YES;
				CLANG_WARN_SUSPICIOUS_MOVE = YES;
				CLANG_WARN_UNGUARDED_AVAILABILITY = YES_AGGRESSIVE;
				CLANG_WARN_UNREACHABLE_CODE = YES;
				CLANG_WARN__DUPLICATE_METHOD_MATCH = YES;
				COPY_PHASE_STRIP = NO;
				DEBUG_INFORMATION_FORMAT = dwarf;
				ENABLE_STRICT_OBJC_MSGSEND = YES;
				ENABLE_TESTABILITY = YES;
				ENABLE_USER_SCRIPT_SANDBOXING = YES;
				GCC_C_LANGUAGE_STANDARD = gnu17;
				GCC_DYNAMIC_NO_PIC = NO;
				GCC_NO_COMMON_BLOCKS = YES;
				GCC_OPTIMIZATION_LEVEL = 0;
				GCC_PREPROCESSOR_DEFINITIONS = (
					"DEBUG=1",
					"$(inherited)",
				);
				GCC_WARN_64_TO_32_BIT_CONVERSION = YES;
				GCC_WARN_ABOUT_RETURN_TYPE = YES_ERROR;
				GCC_WARN_UNDECLARED_SELECTOR = YES;
				GCC_WARN_UNINITIALIZED_AUTOS = YES_AGGRESSIVE;
				GCC_WARN_UNUSED_FUNCTION = YES;
				GCC_WARN_UNUSED_VARIABLE = YES;
				IPHONEOS_DEPLOYMENT_TARGET = 17.5;
				LOCALIZATION_PREFERS_STRING_CATALOGS = YES;
				MTL_ENABLE_DEBUG_INFO = INCLUDE_SOURCE;
				MTL_FAST_MATH = YES;
				ONLY_ACTIVE_ARCH = YES;
				SDKROOT = iphoneos;
				SWIFT_ACTIVE_COMPILATION_CONDITIONS = "DEBUG $(inherited)";
				SWIFT_OPTIMIZATION_LEVEL = "-Onone";
			};
			name = Debug;
		};
		DA5EEADA2C3FF02A00FB058B /* Release */ = {
			isa = XCBuildConfiguration;
			buildSettings = {
				ALWAYS_SEARCH_USER_PATHS = NO;
				ASSETCATALOG_COMPILER_GENERATE_SWIFT_ASSET_SYMBOL_EXTENSIONS = YES;
				CLANG_ANALYZER_NONNULL = YES;
				CLANG_ANALYZER_NUMBER_OBJECT_CONVERSION = YES_AGGRESSIVE;
				CLANG_CXX_LANGUAGE_STANDARD = "gnu++20";
				CLANG_ENABLE_MODULES = YES;
				CLANG_ENABLE_OBJC_ARC = YES;
				CLANG_ENABLE_OBJC_WEAK = YES;
				CLANG_WARN_BLOCK_CAPTURE_AUTORELEASING = YES;
				CLANG_WARN_BOOL_CONVERSION = YES;
				CLANG_WARN_COMMA = YES;
				CLANG_WARN_CONSTANT_CONVERSION = YES;
				CLANG_WARN_DEPRECATED_OBJC_IMPLEMENTATIONS = YES;
				CLANG_WARN_DIRECT_OBJC_ISA_USAGE = YES_ERROR;
				CLANG_WARN_DOCUMENTATION_COMMENTS = YES;
				CLANG_WARN_EMPTY_BODY = YES;
				CLANG_WARN_ENUM_CONVERSION = YES;
				CLANG_WARN_INFINITE_RECURSION = YES;
				CLANG_WARN_INT_CONVERSION = YES;
				CLANG_WARN_NON_LITERAL_NULL_CONVERSION = YES;
				CLANG_WARN_OBJC_IMPLICIT_RETAIN_SELF = YES;
				CLANG_WARN_OBJC_LITERAL_CONVERSION = YES;
				CLANG_WARN_OBJC_ROOT_CLASS = YES_ERROR;
				CLANG_WARN_QUOTED_INCLUDE_IN_FRAMEWORK_HEADER = YES;
				CLANG_WARN_RANGE_LOOP_ANALYSIS = YES;
				CLANG_WARN_STRICT_PROTOTYPES = YES;
				CLANG_WARN_SUSPICIOUS_MOVE = YES;
				CLANG_WARN_UNGUARDED_AVAILABILITY = YES_AGGRESSIVE;
				CLANG_WARN_UNREACHABLE_CODE = YES;
				CLANG_WARN__DUPLICATE_METHOD_MATCH = YES;
				COPY_PHASE_STRIP = NO;
				DEBUG_INFORMATION_FORMAT = "dwarf-with-dsym";
				ENABLE_NS_ASSERTIONS = NO;
				ENABLE_STRICT_OBJC_MSGSEND = YES;
				ENABLE_USER_SCRIPT_SANDBOXING = YES;
				GCC_C_LANGUAGE_STANDARD = gnu17;
				GCC_NO_COMMON_BLOCKS = YES;
				GCC_WARN_64_TO_32_BIT_CONVERSION = YES;
				GCC_WARN_ABOUT_RETURN_TYPE = YES_ERROR;
				GCC_WARN_UNDECLARED_SELECTOR = YES;
				GCC_WARN_UNINITIALIZED_AUTOS = YES_AGGRESSIVE;
				GCC_WARN_UNUSED_FUNCTION = YES;
				GCC_WARN_UNUSED_VARIABLE = YES;
				IPHONEOS_DEPLOYMENT_TARGET = 17.5;
				LOCALIZATION_PREFERS_STRING_CATALOGS = YES;
				MTL_ENABLE_DEBUG_INFO = NO;
				MTL_FAST_MATH = YES;
				SDKROOT = iphoneos;
				SWIFT_COMPILATION_MODE = wholemodule;
				VALIDATE_PRODUCT = YES;
			};
			name = Release;
		};
		DA5EEADC2C3FF02A00FB058B /* Debug */ = {
			isa = XCBuildConfiguration;
			baseConfigurationReference = 7DE8C60D02D4BB32E8B1DE15 /* Pods-iText.debug.xcconfig */;
			buildSettings = {
				ASSETCATALOG_COMPILER_APPICON_NAME = AppIcon;
				ASSETCATALOG_COMPILER_GLOBAL_ACCENT_COLOR_NAME = AccentColor;
				CODE_SIGN_STYLE = Automatic;
				CURRENT_PROJECT_VERSION = 1;
				DEVELOPMENT_TEAM = 79D4DF9CQ8;
				ENABLE_USER_SCRIPT_SANDBOXING = NO;
				GENERATE_INFOPLIST_FILE = YES;
				INFOPLIST_FILE = iText/Info.plist;
				INFOPLIST_KEY_UIApplicationSupportsIndirectInputEvents = YES;
				INFOPLIST_KEY_UILaunchStoryboardName = LaunchScreen;
				INFOPLIST_KEY_UIMainStoryboardFile = Main;
				INFOPLIST_KEY_UISupportedInterfaceOrientations = UIInterfaceOrientationPortrait;
				INFOPLIST_KEY_UIUserInterfaceStyle = Light;
				IPHONEOS_DEPLOYMENT_TARGET = 16.0;
				LD_RUNPATH_SEARCH_PATHS = (
					"$(inherited)",
					"@executable_path/Frameworks",
				);
				MARKETING_VERSION = 1.0;
				PRODUCT_BUNDLE_IDENTIFIER = com.stnslwx.iText;
				PRODUCT_NAME = "$(TARGET_NAME)";
				SUPPORTED_PLATFORMS = "iphoneos iphonesimulator";
				SUPPORTS_MACCATALYST = NO;
				SUPPORTS_MAC_DESIGNED_FOR_IPHONE_IPAD = NO;
				SUPPORTS_XR_DESIGNED_FOR_IPHONE_IPAD = NO;
				SWIFT_EMIT_LOC_STRINGS = YES;
				SWIFT_VERSION = 5.0;
				TARGETED_DEVICE_FAMILY = "1,2";
			};
			name = Debug;
		};
		DA5EEADD2C3FF02A00FB058B /* Release */ = {
			isa = XCBuildConfiguration;
			baseConfigurationReference = 9884322E1E8E28F0A47B6E8D /* Pods-iText.release.xcconfig */;
			buildSettings = {
				ASSETCATALOG_COMPILER_APPICON_NAME = AppIcon;
				ASSETCATALOG_COMPILER_GLOBAL_ACCENT_COLOR_NAME = AccentColor;
				CODE_SIGN_STYLE = Automatic;
				CURRENT_PROJECT_VERSION = 1;
				DEVELOPMENT_TEAM = 79D4DF9CQ8;
				ENABLE_USER_SCRIPT_SANDBOXING = NO;
				GENERATE_INFOPLIST_FILE = YES;
				INFOPLIST_FILE = iText/Info.plist;
				INFOPLIST_KEY_UIApplicationSupportsIndirectInputEvents = YES;
				INFOPLIST_KEY_UILaunchStoryboardName = LaunchScreen;
				INFOPLIST_KEY_UIMainStoryboardFile = Main;
				INFOPLIST_KEY_UISupportedInterfaceOrientations = UIInterfaceOrientationPortrait;
				INFOPLIST_KEY_UIUserInterfaceStyle = Light;
				IPHONEOS_DEPLOYMENT_TARGET = 16.0;
				LD_RUNPATH_SEARCH_PATHS = (
					"$(inherited)",
					"@executable_path/Frameworks",
				);
				MARKETING_VERSION = 1.0;
				PRODUCT_BUNDLE_IDENTIFIER = com.stnslwx.iText;
				PRODUCT_NAME = "$(TARGET_NAME)";
				SUPPORTED_PLATFORMS = "iphoneos iphonesimulator";
				SUPPORTS_MACCATALYST = NO;
				SUPPORTS_MAC_DESIGNED_FOR_IPHONE_IPAD = NO;
				SUPPORTS_XR_DESIGNED_FOR_IPHONE_IPAD = NO;
				SWIFT_EMIT_LOC_STRINGS = YES;
				SWIFT_VERSION = 5.0;
				TARGETED_DEVICE_FAMILY = "1,2";
			};
			name = Release;
		};
/* End XCBuildConfiguration section */

/* Begin XCConfigurationList section */
		DA5EEAC22C3FF02900FB058B /* Build configuration list for PBXProject "iText" */ = {
			isa = XCConfigurationList;
			buildConfigurations = (
				DA5EEAD92C3FF02A00FB058B /* Debug */,
				DA5EEADA2C3FF02A00FB058B /* Release */,
			);
			defaultConfigurationIsVisible = 0;
			defaultConfigurationName = Release;
		};
		DA5EEADB2C3FF02A00FB058B /* Build configuration list for PBXNativeTarget "iText" */ = {
			isa = XCConfigurationList;
			buildConfigurations = (
				DA5EEADC2C3FF02A00FB058B /* Debug */,
				DA5EEADD2C3FF02A00FB058B /* Release */,
			);
			defaultConfigurationIsVisible = 0;
			defaultConfigurationName = Release;
		};
/* End XCConfigurationList section */
	};
	rootObject = DA5EEABF2C3FF02900FB058B /* Project object */;
}
